Microsoft Visual Studio Solution File, Format Version 11.00
# Visual Studio 2008

Project("{4F396D75-3082-20F2-19CA-D593111B2A71}") = "PxlRn", "Assembly-CSharp.csproj", "{32510D51-2017-45B8-990B-E27D11C9F055}"
EndProject
Project("{4F396D75-3082-20F2-19CA-D593111B2A71}") = "PxlRn", "Assembly-UnityScript.unityproj", "{59B5FF2E-4180-0E61-69B2-4545778D401C}"
EndProject
Global
	GlobalSection(SolutionConfigurationPlatforms) = preSolution
		Debug|Any CPU = Debug|Any CPU
		Release|Any CPU = Release|Any CPU
	EndGlobalSection
	GlobalSection(ProjectConfigurationPlatforms) = postSolution
		{32510D51-2017-45B8-990B-E27D11C9F055}.Debug|Any CPU.ActiveCfg = Debug|Any CPU
		{32510D51-2017-45B8-990B-E27D11C9F055}.Debug|Any CPU.Build.0 = Debug|Any CPU
		{32510D51-2017-45B8-990B-E27D11C9F055}.Release|Any CPU.ActiveCfg = Release|Any CPU
		{32510D51-2017-45B8-990B-E27D11C9F055}.Release|Any CPU.Build.0 = Release|Any CPU
		{59B5FF2E-4180-0E61-69B2-4545778D401C}.Debug|Any CPU.ActiveCfg = Debug|Any CPU
		{59B5FF2E-4180-0E61-69B2-4545778D401C}.Debug|Any CPU.Build.0 = Debug|Any CPU
		{59B5FF2E-4180-0E61-69B2-4545778D401C}.Release|Any CPU.ActiveCfg = Release|Any CPU
		{59B5FF2E-4180-0E61-69B2-4545778D401C}.Release|Any CPU.Build.0 = Release|Any CPU
	EndGlobalSection
	GlobalSection(SolutionProperties) = preSolution
		HideSolutionNode = FALSE
	EndGlobalSection
						GlobalSection(MonoDevelopProperties) = preSolution
		StartupItem = Assembly-CSharp.csproj
		Policies = $0
		$0.TextStylePolicy = $1
		$1.inheritsSet = null
		$1.scope = text/x-csharp
		$0.CSharpFormattingPolicy = $2
		$2.inheritsSet = Mono
		$2.inheritsScope = text/x-csharp
		$2.scope = text/x-csharp
		$0.TextStylePolicy = $3
		$3.FileWidth = 120
		$3.TabWidth = 4
		$3.EolMarker = Unix
		$3.inheritsSet = Mono
		$3.inheritsScope = text/plain
		$3.scope = text/plain
	EndGlobalSection

EndGlobal
